
Microsoft Visual Studio Solution File, Format Version 12.00
# Visual Studio Version 17
VisualStudioVersion = 17.2.32516.85
MinimumVisualStudioVersion = 10.0.40219.1
Project("{FAE04EC0-301F-11D3-BF4B-00C04F79EFBC}") = "HomeWork Module 15", "HomeWork Module 15\HomeWork Module 15.csproj", "{656DFC6C-ED60-4634-B266-2F7DAFBB6A9B}"
EndProject
Global
	GlobalSection(SolutionConfigurationPlatforms) = preSolution
		Debug|Any CPU = Debug|Any CPU
		Release|Any CPU = Release|Any CPU
	EndGlobalSection
	GlobalSection(ProjectConfigurationPlatforms) = postSolution
		{656DFC6C-ED60-4634-B266-2F7DAFBB6A9B}.Debug|Any CPU.ActiveCfg = Debug|Any CPU
		{656DFC6C-ED60-4634-B266-2F7DAFBB6A9B}.Debug|Any CPU.Build.0 = Debug|Any CPU
		{656DFC6C-ED60-4634-B266-2F7DAFBB6A9B}.Release|Any CPU.ActiveCfg = Release|Any CPU
		{656DFC6C-ED60-4634-B266-2F7DAFBB6A9B}.Release|Any CPU.Build.0 = Release|Any CPU
	EndGlobalSection
	GlobalSection(SolutionProperties) = preSolution
		HideSolutionNode = FALSE
	EndGlobalSection
	GlobalSection(ExtensibilityGlobals) = postSolution
		SolutionGuid = {18DF74D9-7915-4FBD-87A4-C45EA9D971FB}
	EndGlobalSection
EndGlobal
